
Microsoft Visual Studio Solution File, Format Version 12.00
# Visual Studio Version 17
VisualStudioVersion = 17.4.33213.308
MinimumVisualStudioVersion = 10.0.40219.1
Project("{8BC9CEB8-8B4A-11D0-8D11-00A0C91BC942}") = "User_app", "User_app.vcxproj", "{7E7293D0-7173-4B17-BB8A-C20591600816}"
EndProject
Global
	GlobalSection(SolutionConfigurationPlatforms) = preSolution
		Debug|x64 = Debug|x64
		Debug|x86 = Debug|x86
		Release|x64 = Release|x64
		Release|x86 = Release|x86
	EndGlobalSection
	GlobalSection(ProjectConfigurationPlatforms) = postSolution
		{7E7293D0-7173-4B17-BB8A-C20591600816}.Debug|x64.ActiveCfg = Debug|x64
		{7E7293D0-7173-4B17-BB8A-C20591600816}.Debug|x64.Build.0 = Debug|x64
		{7E7293D0-7173-4B17-BB8A-C20591600816}.Debug|x86.ActiveCfg = Debug|Win32
		{7E7293D0-7173-4B17-BB8A-C20591600816}.Debug|x86.Build.0 = Debug|Win32
		{7E7293D0-7173-4B17-BB8A-C20591600816}.Release|x64.ActiveCfg = Release|x64
		{7E7293D0-7173-4B17-BB8A-C20591600816}.Release|x64.Build.0 = Release|x64
		{7E7293D0-7173-4B17-BB8A-C20591600816}.Release|x86.ActiveCfg = Release|Win32
		{7E7293D0-7173-4B17-BB8A-C20591600816}.Release|x86.Build.0 = Release|Win32
	EndGlobalSection
	GlobalSection(SolutionProperties) = preSolution
		HideSolutionNode = FALSE
	EndGlobalSection
	GlobalSection(ExtensibilityGlobals) = postSolution
		SolutionGuid = {FFE833CF-1C11-4406-AA1E-1FE5FD9F2D7E}
	EndGlobalSection
EndGlobal
